
Microsoft Visual Studio Solution File, Format Version 12.00
# Visual Studio Version 17
VisualStudioVersion = 17.11.35219.272
MinimumVisualStudioVersion = 10.0.40219.1
Project("{FAE04EC0-301F-11D3-BF4B-00C04F79EFBC}") = "TuplasListas", "TuplasListas.csproj", "{5A867C83-1663-4630-B0B3-9418DBAF87E7}"
EndProject
Global
	GlobalSection(SolutionConfigurationPlatforms) = preSolution
		Debug|Any CPU = Debug|Any CPU
		Release|Any CPU = Release|Any CPU
	EndGlobalSection
	GlobalSection(ProjectConfigurationPlatforms) = postSolution
		{5A867C83-1663-4630-B0B3-9418DBAF87E7}.Debug|Any CPU.ActiveCfg = Debug|Any CPU
		{5A867C83-1663-4630-B0B3-9418DBAF87E7}.Debug|Any CPU.Build.0 = Debug|Any CPU
		{5A867C83-1663-4630-B0B3-9418DBAF87E7}.Release|Any CPU.ActiveCfg = Release|Any CPU
		{5A867C83-1663-4630-B0B3-9418DBAF87E7}.Release|Any CPU.Build.0 = Release|Any CPU
	EndGlobalSection
	GlobalSection(SolutionProperties) = preSolution
		HideSolutionNode = FALSE
	EndGlobalSection
	GlobalSection(ExtensibilityGlobals) = postSolution
		SolutionGuid = {493841B9-9D54-4A20-9131-321CFBA62F54}
	EndGlobalSection
EndGlobal
